
Microsoft Visual Studio Solution File, Format Version 12.00
# Visual Studio Version 17
VisualStudioVersion = 17.5.33530.505
MinimumVisualStudioVersion = 10.0.40219.1
Project("{FAE04EC0-301F-11D3-BF4B-00C04F79EFBC}") = "eTickets", "eTickets\eTickets.csproj", "{180B77C4-5063-4F8D-A316-F631C9DA8C6A}"
EndProject
Global
	GlobalSection(SolutionConfigurationPlatforms) = preSolution
		Debug|Any CPU = Debug|Any CPU
		Release|Any CPU = Release|Any CPU
	EndGlobalSection
	GlobalSection(ProjectConfigurationPlatforms) = postSolution
		{180B77C4-5063-4F8D-A316-F631C9DA8C6A}.Debug|Any CPU.ActiveCfg = Debug|Any CPU
		{180B77C4-5063-4F8D-A316-F631C9DA8C6A}.Debug|Any CPU.Build.0 = Debug|Any CPU
		{180B77C4-5063-4F8D-A316-F631C9DA8C6A}.Release|Any CPU.ActiveCfg = Release|Any CPU
		{180B77C4-5063-4F8D-A316-F631C9DA8C6A}.Release|Any CPU.Build.0 = Release|Any CPU
	EndGlobalSection
	GlobalSection(SolutionProperties) = preSolution
		HideSolutionNode = FALSE
	EndGlobalSection
	GlobalSection(ExtensibilityGlobals) = postSolution
		SolutionGuid = {0303AEAF-27C5-4063-8717-9509A099E882}
	EndGlobalSection
EndGlobal
